# EPkg Lockfile v1.0.0
# This file is automatically generated

version: 1.0.0
timestamp: 2025-09-09T06:13:09.479Z

packages:
  @eghact/carousel:
    version: 1.0.0
    compiled: true
  @eghact/ecommerce:
    version: 1.0.0
    compiled: true
  @eghact/auth:
    version: 1.0.0
    compiled: true

integrity: 93968438ca913367
