{
  "name": "test-eghact-app",
  "version": "0.1.0",
  "lockfileVersion": 3,
  "requires": true,
  "packages": {
    "": {
      "name": "test-eghact-app",
      "version": "0.1.0",
      "dependencies": {
        "eghact": "file:.."
      }
    },
    "..": {
      "version": "1.0.0",
      "license": "MIT",
      "bin": {
        "eghact": "cli/eghact.js"
      },
      "devDependencies": {
        "esbuild": "^0.19.0",
        "eslint": "^8.0.0",
        "prettier": "^3.0.0"
      },
      "engines": {
        "node": ">=16.0.0"
      }
    },
    "node_modules/eghact": {
      "resolved": "..",
      "link": true
    }
  }
}
